
Microsoft Visual Studio Solution File, Format Version 12.00
# Visual Studio Version 17
VisualStudioVersion = 17.7.34202.233
MinimumVisualStudioVersion = 10.0.40219.1
Project("{9A19103F-16F7-4668-BE54-9A1E7A4F7556}") = "RozmieniarkaApp", "RozmieniarkaApp\RozmieniarkaApp.csproj", "{B04D9550-A2AD-4E9A-96C2-950839F09DD6}"
EndProject
Project("{FAE04EC0-301F-11D3-BF4B-00C04F79EFBC}") = "RozmieniarkaAppTests", "RozmieniarkaAppTests\RozmieniarkaAppTests.csproj", "{15A0C59B-0028-4AF8-A746-9C19B0C6D006}"
EndProject
Global
	GlobalSection(SolutionConfigurationPlatforms) = preSolution
		Debug|Any CPU = Debug|Any CPU
		Release|Any CPU = Release|Any CPU
	EndGlobalSection
	GlobalSection(ProjectConfigurationPlatforms) = postSolution
		{B04D9550-A2AD-4E9A-96C2-950839F09DD6}.Debug|Any CPU.ActiveCfg = Debug|Any CPU
		{B04D9550-A2AD-4E9A-96C2-950839F09DD6}.Debug|Any CPU.Build.0 = Debug|Any CPU
		{B04D9550-A2AD-4E9A-96C2-950839F09DD6}.Debug|Any CPU.Deploy.0 = Debug|Any CPU
		{B04D9550-A2AD-4E9A-96C2-950839F09DD6}.Release|Any CPU.ActiveCfg = Release|Any CPU
		{B04D9550-A2AD-4E9A-96C2-950839F09DD6}.Release|Any CPU.Build.0 = Release|Any CPU
		{B04D9550-A2AD-4E9A-96C2-950839F09DD6}.Release|Any CPU.Deploy.0 = Release|Any CPU
		{15A0C59B-0028-4AF8-A746-9C19B0C6D006}.Debug|Any CPU.ActiveCfg = Debug|Any CPU
		{15A0C59B-0028-4AF8-A746-9C19B0C6D006}.Debug|Any CPU.Build.0 = Debug|Any CPU
		{15A0C59B-0028-4AF8-A746-9C19B0C6D006}.Release|Any CPU.ActiveCfg = Release|Any CPU
		{15A0C59B-0028-4AF8-A746-9C19B0C6D006}.Release|Any CPU.Build.0 = Release|Any CPU
	EndGlobalSection
	GlobalSection(SolutionProperties) = preSolution
		HideSolutionNode = FALSE
	EndGlobalSection
	GlobalSection(ExtensibilityGlobals) = postSolution
		SolutionGuid = {EEAC5669-90C9-4C98-9B42-C2897C13511E}
	EndGlobalSection
EndGlobal
